
Microsoft Visual Studio Solution File, Format Version 12.00
Project("{FAE04EC0-301F-11D3-BF4B-00C04F79EFBC}") = "AudioPlayerWebAPI", "AudioPlayerWebAPI\AudioPlayerWebAPI.csproj", "{BD6C7E2B-E21C-44BF-B574-D1CCA962D3B2}"
EndProject
Project("{FAE04EC0-301F-11D3-BF4B-00C04F79EFBC}") = "AudioPlayerWebAPI.Entities", "AudioPlayerWebAPI.Entities\AudioPlayerWebAPI.Entities.csproj", "{59189C10-71BB-41E8-B314-4566CF0BA8A4}"
EndProject
Project("{FAE04EC0-301F-11D3-BF4B-00C04F79EFBC}") = "AudioPlayerWebAPI.Infrastructure", "AudioPlayerWebAPI.Infractucture\AudioPlayerWebAPI.Infrastructure.csproj", "{434B8EE9-55A1-4E25-B135-FFB381D5943C}"
EndProject
Project("{FAE04EC0-301F-11D3-BF4B-00C04F79EFBC}") = "AudioPlayerWebAPI.UseCase", "AudioPlayerWebAPI.UseCase\AudioPlayerWebAPI.UseCase.csproj", "{67962005-90F0-4B24-905F-96D667260D4D}"
EndProject
Global
	GlobalSection(SolutionConfigurationPlatforms) = preSolution
		Debug|Any CPU = Debug|Any CPU
		Release|Any CPU = Release|Any CPU
	EndGlobalSection
	GlobalSection(ProjectConfigurationPlatforms) = postSolution
		{BD6C7E2B-E21C-44BF-B574-D1CCA962D3B2}.Debug|Any CPU.ActiveCfg = Debug|Any CPU
		{BD6C7E2B-E21C-44BF-B574-D1CCA962D3B2}.Debug|Any CPU.Build.0 = Debug|Any CPU
		{BD6C7E2B-E21C-44BF-B574-D1CCA962D3B2}.Release|Any CPU.ActiveCfg = Release|Any CPU
		{BD6C7E2B-E21C-44BF-B574-D1CCA962D3B2}.Release|Any CPU.Build.0 = Release|Any CPU
		{59189C10-71BB-41E8-B314-4566CF0BA8A4}.Debug|Any CPU.ActiveCfg = Debug|Any CPU
		{59189C10-71BB-41E8-B314-4566CF0BA8A4}.Debug|Any CPU.Build.0 = Debug|Any CPU
		{59189C10-71BB-41E8-B314-4566CF0BA8A4}.Release|Any CPU.ActiveCfg = Release|Any CPU
		{59189C10-71BB-41E8-B314-4566CF0BA8A4}.Release|Any CPU.Build.0 = Release|Any CPU
		{434B8EE9-55A1-4E25-B135-FFB381D5943C}.Debug|Any CPU.ActiveCfg = Debug|Any CPU
		{434B8EE9-55A1-4E25-B135-FFB381D5943C}.Debug|Any CPU.Build.0 = Debug|Any CPU
		{434B8EE9-55A1-4E25-B135-FFB381D5943C}.Release|Any CPU.ActiveCfg = Release|Any CPU
		{434B8EE9-55A1-4E25-B135-FFB381D5943C}.Release|Any CPU.Build.0 = Release|Any CPU
		{67962005-90F0-4B24-905F-96D667260D4D}.Debug|Any CPU.ActiveCfg = Debug|Any CPU
		{67962005-90F0-4B24-905F-96D667260D4D}.Debug|Any CPU.Build.0 = Debug|Any CPU
		{67962005-90F0-4B24-905F-96D667260D4D}.Release|Any CPU.ActiveCfg = Release|Any CPU
		{67962005-90F0-4B24-905F-96D667260D4D}.Release|Any CPU.Build.0 = Release|Any CPU
	EndGlobalSection
EndGlobal
